
Microsoft Visual Studio Solution File, Format Version 12.00
# Visual Studio Version 17
VisualStudioVersion = 17.8.34511.84
MinimumVisualStudioVersion = 10.0.40219.1
Project("{FAE04EC0-301F-11D3-BF4B-00C04F79EFBC}") = "giga2", "giga2\giga2.csproj", "{7BD0B6C7-7194-4CF1-9595-EBD10BD27B04}"
EndProject
Global
	GlobalSection(SolutionConfigurationPlatforms) = preSolution
		Debug|Any CPU = Debug|Any CPU
		Release|Any CPU = Release|Any CPU
	EndGlobalSection
	GlobalSection(ProjectConfigurationPlatforms) = postSolution
		{7BD0B6C7-7194-4CF1-9595-EBD10BD27B04}.Debug|Any CPU.ActiveCfg = Debug|Any CPU
		{7BD0B6C7-7194-4CF1-9595-EBD10BD27B04}.Debug|Any CPU.Build.0 = Debug|Any CPU
		{7BD0B6C7-7194-4CF1-9595-EBD10BD27B04}.Release|Any CPU.ActiveCfg = Release|Any CPU
		{7BD0B6C7-7194-4CF1-9595-EBD10BD27B04}.Release|Any CPU.Build.0 = Release|Any CPU
	EndGlobalSection
	GlobalSection(SolutionProperties) = preSolution
		HideSolutionNode = FALSE
	EndGlobalSection
	GlobalSection(ExtensibilityGlobals) = postSolution
		SolutionGuid = {774F8367-5839-4E2B-BF31-A9FF8463BAAC}
	EndGlobalSection
EndGlobal
